
Microsoft Visual Studio Solution File, Format Version 12.00
# Visual Studio Version 17
VisualStudioVersion = 17.8.34330.188
MinimumVisualStudioVersion = 10.0.40219.1
Project("{FAE04EC0-301F-11D3-BF4B-00C04F79EFBC}") = "ASCII_art", "ASCII art\ASCII_art.csproj", "{CA6BB1DB-FB21-4E76-8F61-BE3F79A44973}"
EndProject
Global
	GlobalSection(SolutionConfigurationPlatforms) = preSolution
		Debug|Any CPU = Debug|Any CPU
		Release|Any CPU = Release|Any CPU
	EndGlobalSection
	GlobalSection(ProjectConfigurationPlatforms) = postSolution
		{CA6BB1DB-FB21-4E76-8F61-BE3F79A44973}.Debug|Any CPU.ActiveCfg = Debug|Any CPU
		{CA6BB1DB-FB21-4E76-8F61-BE3F79A44973}.Debug|Any CPU.Build.0 = Debug|Any CPU
		{CA6BB1DB-FB21-4E76-8F61-BE3F79A44973}.Release|Any CPU.ActiveCfg = Release|Any CPU
		{CA6BB1DB-FB21-4E76-8F61-BE3F79A44973}.Release|Any CPU.Build.0 = Release|Any CPU
	EndGlobalSection
	GlobalSection(SolutionProperties) = preSolution
		HideSolutionNode = FALSE
	EndGlobalSection
	GlobalSection(ExtensibilityGlobals) = postSolution
		SolutionGuid = {00271C14-BF92-476A-9EF2-B91E09C5A815}
	EndGlobalSection
EndGlobal
